
Microsoft Visual Studio Solution File, Format Version 12.00
# Visual Studio Version 16
VisualStudioVersion = 16.0.29411.108
MinimumVisualStudioVersion = 10.0.40219.1
Project("{FAE04EC0-301F-11D3-BF4B-00C04F79EFBC}") = "backend", "backend\backend.csproj", "{CC138186-CE10-46A4-A789-1FF2BEC81699}"
EndProject
Global
	GlobalSection(SolutionConfigurationPlatforms) = preSolution
		Debug|Any CPU = Debug|Any CPU
		Release|Any CPU = Release|Any CPU
	EndGlobalSection
	GlobalSection(ProjectConfigurationPlatforms) = postSolution
		{CC138186-CE10-46A4-A789-1FF2BEC81699}.Debug|Any CPU.ActiveCfg = Debug|Any CPU
		{CC138186-CE10-46A4-A789-1FF2BEC81699}.Debug|Any CPU.Build.0 = Debug|Any CPU
		{CC138186-CE10-46A4-A789-1FF2BEC81699}.Release|Any CPU.ActiveCfg = Release|Any CPU
		{CC138186-CE10-46A4-A789-1FF2BEC81699}.Release|Any CPU.Build.0 = Release|Any CPU
	EndGlobalSection
	GlobalSection(SolutionProperties) = preSolution
		HideSolutionNode = FALSE
	EndGlobalSection
	GlobalSection(ExtensibilityGlobals) = postSolution
		SolutionGuid = {BD8A782B-A913-4957-B636-249492CAE071}
	EndGlobalSection
EndGlobal
